
Microsoft Visual Studio Solution File, Format Version 12.00
# Visual Studio Version 17
VisualStudioVersion = 17.2.32516.85
MinimumVisualStudioVersion = 10.0.40219.1
Project("{FAE04EC0-301F-11D3-BF4B-00C04F79EFBC}") = "BilgiYarismasi", "BilgiYarismasi\BilgiYarismasi.csproj", "{71B48EB6-8FFE-4B10-8829-90232DC523F8}"
EndProject
Global
	GlobalSection(SolutionConfigurationPlatforms) = preSolution
		Debug|Any CPU = Debug|Any CPU
		Release|Any CPU = Release|Any CPU
	EndGlobalSection
	GlobalSection(ProjectConfigurationPlatforms) = postSolution
		{71B48EB6-8FFE-4B10-8829-90232DC523F8}.Debug|Any CPU.ActiveCfg = Debug|Any CPU
		{71B48EB6-8FFE-4B10-8829-90232DC523F8}.Debug|Any CPU.Build.0 = Debug|Any CPU
		{71B48EB6-8FFE-4B10-8829-90232DC523F8}.Release|Any CPU.ActiveCfg = Release|Any CPU
		{71B48EB6-8FFE-4B10-8829-90232DC523F8}.Release|Any CPU.Build.0 = Release|Any CPU
	EndGlobalSection
	GlobalSection(SolutionProperties) = preSolution
		HideSolutionNode = FALSE
	EndGlobalSection
	GlobalSection(ExtensibilityGlobals) = postSolution
		SolutionGuid = {A5AA584F-C96E-427C-AB57-A37C3BAE68C8}
	EndGlobalSection
EndGlobal
